
Microsoft Visual Studio Solution File, Format Version 12.00
# Visual Studio 15
VisualStudioVersion = 15.0.27130.2020
MinimumVisualStudioVersion = 10.0.40219.1
Project("{FAE04EC0-301F-11D3-BF4B-00C04F79EFBC}") = "Reservamos", "Reservamos\Reservamos.csproj", "{AF9E28EF-EFA4-474E-9742-95EFFAAE1363}"
EndProject
Global
	GlobalSection(SolutionConfigurationPlatforms) = preSolution
		Debug|Any CPU = Debug|Any CPU
		Release|Any CPU = Release|Any CPU
	EndGlobalSection
	GlobalSection(ProjectConfigurationPlatforms) = postSolution
		{AF9E28EF-EFA4-474E-9742-95EFFAAE1363}.Debug|Any CPU.ActiveCfg = Debug|Any CPU
		{AF9E28EF-EFA4-474E-9742-95EFFAAE1363}.Debug|Any CPU.Build.0 = Debug|Any CPU
		{AF9E28EF-EFA4-474E-9742-95EFFAAE1363}.Debug|Any CPU.Deploy.0 = Debug|Any CPU
		{AF9E28EF-EFA4-474E-9742-95EFFAAE1363}.Release|Any CPU.ActiveCfg = Release|Any CPU
		{AF9E28EF-EFA4-474E-9742-95EFFAAE1363}.Release|Any CPU.Build.0 = Release|Any CPU
		{AF9E28EF-EFA4-474E-9742-95EFFAAE1363}.Release|Any CPU.Deploy.0 = Release|Any CPU
	EndGlobalSection
	GlobalSection(SolutionProperties) = preSolution
		HideSolutionNode = FALSE
	EndGlobalSection
	GlobalSection(ExtensibilityGlobals) = postSolution
		SolutionGuid = {A8A896F8-2DE3-4016-B7A4-E42C53125CB4}
	EndGlobalSection
EndGlobal
